// !$*UTF8*$!
{
	archiveVersion = 1;
	classes = {
	};
	objectVersion = 50;
	objects = {

/* Begin PBXBuildFile section */
		97F6990D2194D06500D9D4F5 /* AppDelegate.swift in Sources */ = {isa = PBXBuildFile; fileRef = 97F6990C2194D06500D9D4F5 /* AppDelegate.swift */; };
		97F6990F2194D06500D9D4F5 /* ViewController.swift in Sources */ = {isa = PBXBuildFile; fileRef = 97F6990E2194D06500D9D4F5 /* ViewController.swift */; };
		97F699122194D06500D9D4F5 /* Main.storyboard in Resources */ = {isa = PBXBuildFile; fileRef = 97F699102194D06500D9D4F5 /* Main.storyboard */; };
		97F699152194D06500D9D4F5 /* scrollProject.xcdatamodeld in Sources */ = {isa = PBXBuildFile; fileRef = 97F699132194D06500D9D4F5 /* scrollProject.xcdatamodeld */; };
		97F699172194D06600D9D4F5 /* Assets.xcassets in Resources */ = {isa = PBXBuildFile; fileRef = 97F699162194D06600D9D4F5 /* Assets.xcassets */; };
		97F6991A2194D06600D9D4F5 /* LaunchScreen.storyboard in Resources */ = {isa = PBXBuildFile; fileRef = 97F699182194D06600D9D4F5 /* LaunchScreen.storyboard */; };
		97F699222194D10000D9D4F5 /* Slide.xib in Resources */ = {isa = PBXBuildFile; fileRef = 97F699212194D10000D9D4F5 /* Slide.xib */; };
		97F699242194D11C00D9D4F5 /* Slide.swift in Sources */ = {isa = PBXBuildFile; fileRef = 97F699232194D11C00D9D4F5 /* Slide.swift */; };
		97F6992A2194D81A00D9D4F5 /* yivli.JPG in Resources */ = {isa = PBXBuildFile; fileRef = 97F699252194D81900D9D4F5 /* yivli.JPG */; };
		97F6992B2194D81A00D9D4F5 /* duden.JPG in Resources */ = {isa = PBXBuildFile; fileRef = 97F699262194D81900D9D4F5 /* duden.JPG */; };
		97F6992C2194D81A00D9D4F5 /* perge.JPG in Resources */ = {isa = PBXBuildFile; fileRef = 97F699272194D81A00D9D4F5 /* perge.JPG */; };
		97F6992D2194D81A00D9D4F5 /* kursunlu.JPG in Resources */ = {isa = PBXBuildFile; fileRef = 97F699282194D81A00D9D4F5 /* kursunlu.JPG */; };
		97F699302194D82D00D9D4F5 /* termessos.JPG in Resources */ = {isa = PBXBuildFile; fileRef = 97F6992F2194D82D00D9D4F5 /* termessos.JPG */; };
/* End PBXBuildFile section */

/* Begin PBXFileReference section */
		97F699092194D06500D9D4F5 /* scrollProject.app */ = {isa = PBXFileReference; explicitFileType = wrapper.application; includeInIndex = 0; path = scrollProject.app; sourceTree = BUILT_PRODUCTS_DIR; };
		97F6990C2194D06500D9D4F5 /* AppDelegate.swift */ = {isa = PBXFileReference; lastKnownFileType = sourcecode.swift; path = AppDelegate.swift; sourceTree = "<group>"; };
		97F6990E2194D06500D9D4F5 /* ViewController.swift */ = {isa = PBXFileReference; lastKnownFileType = sourcecode.swift; path = ViewController.swift; sourceTree = "<group>"; };
		97F699112194D06500D9D4F5 /* Base */ = {isa = PBXFileReference; lastKnownFileType = file.storyboard; name = Base; path = Base.lproj/Main.storyboard; sourceTree = "<group>"; };
		97F699142194D06500D9D4F5 /* scrollProject.xcdatamodel */ = {isa = PBXFileReference; lastKnownFileType = wrapper.xcdatamodel; path = scrollProject.xcdatamodel; sourceTree = "<group>"; };
		97F699162194D06600D9D4F5 /* Assets.xcassets */ = {isa = PBXFileReference; lastKnownFileType = folder.assetcatalog; path = Assets.xcassets; sourceTree = "<group>"; };
		97F699192194D06600D9D4F5 /* Base */ = {isa = PBXFileReference; lastKnownFileType = file.storyboard; name = Base; path = Base.lproj/LaunchScreen.storyboard; sourceTree = "<group>"; };
		97F6991B2194D06600D9D4F5 /* Info.plist */ = {isa = PBXFileReference; lastKnownFileType = text.plist.xml; path = Info.plist; sourceTree = "<group>"; };
		97F699212194D10000D9D4F5 /* Slide.xib */ = {isa = PBXFileReference; lastKnownFileType = file.xib; path = Slide.xib; sourceTree = "<group>"; };
		97F699232194D11C00D9D4F5 /* Slide.swift */ = {isa = PBXFileReference; lastKnownFileType = sourcecode.swift; path = Slide.swift; sourceTree = "<group>"; };
		97F699252194D81900D9D4F5 /* yivli.JPG */ = {isa = PBXFileReference; lastKnownFileType = image.jpeg; path = yivli.JPG; sourceTree = "<group>"; };
		97F699262194D81900D9D4F5 /* duden.JPG */ = {isa = PBXFileReference; lastKnownFileType = image.jpeg; path = duden.JPG; sourceTree = "<group>"; };
		97F699272194D81A00D9D4F5 /* perge.JPG */ = {isa = PBXFileReference; lastKnownFileType = image.jpeg; path = perge.JPG; sourceTree = "<group>"; };
		97F699282194D81A00D9D4F5 /* kursunlu.JPG */ = {isa = PBXFileReference; lastKnownFileType = image.jpeg; path = kursunlu.JPG; sourceTree = "<group>"; };
		97F6992F2194D82D00D9D4F5 /* termessos.JPG */ = {isa = PBXFileReference; lastKnownFileType = image.jpeg; path = termessos.JPG; sourceTree = "<group>"; };
/* End PBXFileReference section */

/* Begin PBXFrameworksBuildPhase section */
		97F699062194D06500D9D4F5 /* Frameworks */ = {
			isa = PBXFrameworksBuildPhase;
			buildActionMask = 2147483647;
			files = (
			);
			runOnlyForDeploymentPostprocessing = 0;
		};
/* End PBXFrameworksBuildPhase section */

/* Begin PBXGroup section */
		97F699002194D06500D9D4F5 = {
			isa = PBXGroup;
			children = (
				97F6990B2194D06500D9D4F5 /* scrollProject */,
				97F6990A2194D06500D9D4F5 /* Products */,
			);
			sourceTree = "<group>";
		};
		97F6990A2194D06500D9D4F5 /* Products */ = {
			isa = PBXGroup;
			children = (
				97F699092194D06500D9D4F5 /* scrollProject.app */,
			);
			name = Products;
			sourceTree = "<group>";
		};
		97F6990B2194D06500D9D4F5 /* scrollProject */ = {
			isa = PBXGroup;
			children = (
				97F6990C2194D06500D9D4F5 /* AppDelegate.swift */,
				97F6990E2194D06500D9D4F5 /* ViewController.swift */,
				97F699102194D06500D9D4F5 /* Main.storyboard */,
				97F699212194D10000D9D4F5 /* Slide.xib */,
				97F699232194D11C00D9D4F5 /* Slide.swift */,
				97F699162194D06600D9D4F5 /* Assets.xcassets */,
				97F699182194D06600D9D4F5 /* LaunchScreen.storyboard */,
				97F6991B2194D06600D9D4F5 /* Info.plist */,
				97F699132194D06500D9D4F5 /* scrollProject.xcdatamodeld */,
				97F699312194D83300D9D4F5 /* image */,
			);
			path = scrollProject;
			sourceTree = "<group>";
		};
		97F699312194D83300D9D4F5 /* image */ = {
			isa = PBXGroup;
			children = (
				97F699262194D81900D9D4F5 /* duden.JPG */,
				97F699282194D81A00D9D4F5 /* kursunlu.JPG */,
				97F6992F2194D82D00D9D4F5 /* termessos.JPG */,
				97F699272194D81A00D9D4F5 /* perge.JPG */,
				97F699252194D81900D9D4F5 /* yivli.JPG */,
			);
			path = image;
			sourceTree = "<group>";
		};
/* End PBXGroup section */

/* Begin PBXNativeTarget section */
		97F699082194D06500D9D4F5 /* scrollProject */ = {
			isa = PBXNativeTarget;
			buildConfigurationList = 97F6991E2194D06600D9D4F5 /* Build configuration list for PBXNativeTarget "scrollProject" */;
			buildPhases = (
				97F699052194D06500D9D4F5 /* Sources */,
				97F699062194D06500D9D4F5 /* Frameworks */,
				97F699072194D06500D9D4F5 /* Resources */,
			);
			buildRules = (
			);
			dependencies = (
			);
			name = scrollProject;
			productName = scrollProject;
			productReference = 97F699092194D06500D9D4F5 /* scrollProject.app */;
			productType = "com.apple.product-type.application";
		};
/* End PBXNativeTarget section */

/* Begin PBXProject section */
		97F699012194D06500D9D4F5 /* Project object */ = {
			isa = PBXProject;
			attributes = {
				LastSwiftUpdateCheck = 1000;
				LastUpgradeCheck = 1000;
				ORGANIZATIONNAME = "Yusuf Özgül";
				TargetAttributes = {
					97F699082194D06500D9D4F5 = {
						CreatedOnToolsVersion = 10.0;
					};
				};
			};
			buildConfigurationList = 97F699042194D06500D9D4F5 /* Build configuration list for PBXProject "scrollProject" */;
			compatibilityVersion = "Xcode 9.3";
			developmentRegion = en;
			hasScannedForEncodings = 0;
			knownRegions = (
				en,
				Base,
			);
			mainGroup = 97F699002194D06500D9D4F5;
			productRefGroup = 97F6990A2194D06500D9D4F5 /* Products */;
			projectDirPath = "";
			projectRoot = "";
			targets = (
				97F699082194D06500D9D4F5 /* scrollProject */,
			);
		};
/* End PBXProject section */

/* Begin PBXResourcesBuildPhase section */
		97F699072194D06500D9D4F5 /* Resources */ = {
			isa = PBXResourcesBuildPhase;
			buildActionMask = 2147483647;
			files = (
				97F6991A2194D06600D9D4F5 /* LaunchScreen.storyboard in Resources */,
				97F699172194D06600D9D4F5 /* Assets.xcassets in Resources */,
				97F699122194D06500D9D4F5 /* Main.storyboard in Resources */,
				97F6992C2194D81A00D9D4F5 /* perge.JPG in Resources */,
				97F6992D2194D81A00D9D4F5 /* kursunlu.JPG in Resources */,
				97F699302194D82D00D9D4F5 /* termessos.JPG in Resources */,
				97F6992A2194D81A00D9D4F5 /* yivli.JPG in Resources */,
				97F6992B2194D81A00D9D4F5 /* duden.JPG in Resources */,
				97F699222194D10000D9D4F5 /* Slide.xib in Resources */,
			);
			runOnlyForDeploymentPostprocessing = 0;
		};
/* End PBXResourcesBuildPhase section */

/* Begin PBXSourcesBuildPhase section */
		97F699052194D06500D9D4F5 /* Sources */ = {
			isa = PBXSourcesBuildPhase;
			buildActionMask = 2147483647;
			files = (
				97F6990F2194D06500D9D4F5 /* ViewController.swift in Sources */,
				97F6990D2194D06500D9D4F5 /* AppDelegate.swift in Sources */,
				97F699152194D06500D9D4F5 /* scrollProject.xcdatamodeld in Sources */,
				97F699242194D11C00D9D4F5 /* Slide.swift in Sources */,
			);
			runOnlyForDeploymentPostprocessing = 0;
		};
/* End PBXSourcesBuildPhase section */

/* Begin PBXVariantGroup section */
		97F699102194D06500D9D4F5 /* Main.storyboard */ = {
			isa = PBXVariantGroup;
			children = (
				97F699112194D06500D9D4F5 /* Base */,
			);
			name = Main.storyboard;
			sourceTree = "<group>";
		};
		97F699182194D06600D9D4F5 /* LaunchScreen.storyboard */ = {
			isa = PBXVariantGroup;
			children = (
				97F699192194D06600D9D4F5 /* Base */,
			);
			name = LaunchScreen.storyboard;
			sourceTree = "<group>";
		};
/* End PBXVariantGroup section */

/* Begin XCBuildConfiguration section */
		97F6991C2194D06600D9D4F5 /* Debug */ = {
			isa = XCBuildConfiguration;
			buildSettings = {
				ALWAYS_SEARCH_USER_PATHS = NO;
				CLANG_ANALYZER_NONNULL = YES;
				CLANG_ANALYZER_NUMBER_OBJECT_CONVERSION = YES_AGGRESSIVE;
				CLANG_CXX_LANGUAGE_STANDARD = "gnu++14";
				CLANG_CXX_LIBRARY = "libc++";
				CLANG_ENABLE_MODULES = YES;
				CLANG_ENABLE_OBJC_ARC = YES;
				CLANG_ENABLE_OBJC_WEAK = YES;
				CLANG_WARN_BLOCK_CAPTURE_AUTORELEASING = YES;
				CLANG_WARN_BOOL_CONVERSION = YES;
				CLANG_WARN_COMMA = YES;
				CLANG_WARN_CONSTANT_CONVERSION = YES;
				CLANG_WARN_DEPRECATED_OBJC_IMPLEMENTATIONS = YES;
				CLANG_WARN_DIRECT_OBJC_ISA_USAGE = YES_ERROR;
				CLANG_WARN_DOCUMENTATION_COMMENTS = YES;
				CLANG_WARN_EMPTY_BODY = YES;
				CLANG_WARN_ENUM_CONVERSION = YES;
				CLANG_WARN_INFINITE_RECURSION = YES;
				CLANG_WARN_INT_CONVERSION = YES;
				CLANG_WARN_NON_LITERAL_NULL_CONVERSION = YES;
				CLANG_WARN_OBJC_IMPLICIT_RETAIN_SELF = YES;
				CLANG_WARN_OBJC_LITERAL_CONVERSION = YES;
				CLANG_WARN_OBJC_ROOT_CLASS = YES_ERROR;
				CLANG_WARN_RANGE_LOOP_ANALYSIS = YES;
				CLANG_WARN_STRICT_PROTOTYPES = YES;
				CLANG_WARN_SUSPICIOUS_MOVE = YES;
				CLANG_WARN_UNGUARDED_AVAILABILITY = YES_AGGRESSIVE;
				CLANG_WARN_UNREACHABLE_CODE = YES;
				CLANG_WARN__DUPLICATE_METHOD_MATCH = YES;
				CODE_SIGN_IDENTITY = "iPhone Developer";
				COPY_PHASE_STRIP = NO;
				DEBUG_INFORMATION_FORMAT = dwarf;
				ENABLE_STRICT_OBJC_MSGSEND = YES;
				ENABLE_TESTABILITY = YES;
				GCC_C_LANGUAGE_STANDARD = gnu11;
				GCC_DYNAMIC_NO_PIC = NO;
				GCC_NO_COMMON_BLOCKS = YES;
				GCC_OPTIMIZATION_LEVEL = 0;
				GCC_PREPROCESSOR_DEFINITIONS = (
					"DEBUG=1",
					"$(inherited)",
				);
				GCC_WARN_64_TO_32_BIT_CONVERSION = YES;
				GCC_WARN_ABOUT_RETURN_TYPE = YES_ERROR;
				GCC_WARN_UNDECLARED_SELECTOR = YES;
				GCC_WARN_UNINITIALIZED_AUTOS = YES_AGGRESSIVE;
				GCC_WARN_UNUSED_FUNCTION = YES;
				GCC_WARN_UNUSED_VARIABLE = YES;
				IPHONEOS_DEPLOYMENT_TARGET = 12.0;
				MTL_ENABLE_DEBUG_INFO = INCLUDE_SOURCE;
				MTL_FAST_MATH = YES;
				ONLY_ACTIVE_ARCH = YES;
				SDKROOT = iphoneos;
				SWIFT_ACTIVE_COMPILATION_CONDITIONS = DEBUG;
				SWIFT_OPTIMIZATION_LEVEL = "-Onone";
			};
			name = Debug;
		};
		97F6991D2194D06600D9D4F5 /* Release */ = {
			isa = XCBuildConfiguration;
			buildSettings = {
				ALWAYS_SEARCH_USER_PATHS = NO;
				CLANG_ANALYZER_NONNULL = YES;
				CLANG_ANALYZER_NUMBER_OBJECT_CONVERSION = YES_AGGRESSIVE;
				CLANG_CXX_LANGUAGE_STANDARD = "gnu++14";
				CLANG_CXX_LIBRARY = "libc++";
				CLANG_ENABLE_MODULES = YES;
				CLANG_ENABLE_OBJC_ARC = YES;
				CLANG_ENABLE_OBJC_WEAK = YES;
				CLANG_WARN_BLOCK_CAPTURE_AUTORELEASING = YES;
				CLANG_WARN_BOOL_CONVERSION = YES;
				CLANG_WARN_COMMA = YES;
				CLANG_WARN_CONSTANT_CONVERSION = YES;
				CLANG_WARN_DEPRECATED_OBJC_IMPLEMENTATIONS = YES;
				CLANG_WARN_DIRECT_OBJC_ISA_USAGE = YES_ERROR;
				CLANG_WARN_DOCUMENTATION_COMMENTS = YES;
				CLANG_WARN_EMPTY_BODY = YES;
				CLANG_WARN_ENUM_CONVERSION = YES;
				CLANG_WARN_INFINITE_RECURSION = YES;
				CLANG_WARN_INT_CONVERSION = YES;
				CLANG_WARN_NON_LITERAL_NULL_CONVERSION = YES;
				CLANG_WARN_OBJC_IMPLICIT_RETAIN_SELF = YES;
				CLANG_WARN_OBJC_LITERAL_CONVERSION = YES;
				CLANG_WARN_OBJC_ROOT_CLASS = YES_ERROR;
				CLANG_WARN_RANGE_LOOP_ANALYSIS = YES;
				CLANG_WARN_STRICT_PROTOTYPES = YES;
				CLANG_WARN_SUSPICIOUS_MOVE = YES;
				CLANG_WARN_UNGUARDED_AVAILABILITY = YES_AGGRESSIVE;
				CLANG_WARN_UNREACHABLE_CODE = YES;
				CLANG_WARN__DUPLICATE_METHOD_MATCH = YES;
				CODE_SIGN_IDENTITY = "iPhone Developer";
				COPY_PHASE_STRIP = NO;
				DEBUG_INFORMATION_FORMAT = "dwarf-with-dsym";
				ENABLE_NS_ASSERTIONS = NO;
				ENABLE_STRICT_OBJC_MSGSEND = YES;
				GCC_C_LANGUAGE_STANDARD = gnu11;
				GCC_NO_COMMON_BLOCKS = YES;
				GCC_WARN_64_TO_32_BIT_CONVERSION = YES;
				GCC_WARN_ABOUT_RETURN_TYPE = YES_ERROR;
				GCC_WARN_UNDECLARED_SELECTOR = YES;
				GCC_WARN_UNINITIALIZED_AUTOS = YES_AGGRESSIVE;
				GCC_WARN_UNUSED_FUNCTION = YES;
				GCC_WARN_UNUSED_VARIABLE = YES;
				IPHONEOS_DEPLOYMENT_TARGET = 12.0;
				MTL_ENABLE_DEBUG_INFO = NO;
				MTL_FAST_MATH = YES;
				SDKROOT = iphoneos;
				SWIFT_COMPILATION_MODE = wholemodule;
				SWIFT_OPTIMIZATION_LEVEL = "-O";
				VALIDATE_PRODUCT = YES;
			};
			name = Release;
		};
		97F6991F2194D06600D9D4F5 /* Debug */ = {
			isa = XCBuildConfiguration;
			buildSettings = {
				ASSETCATALOG_COMPILER_APPICON_NAME = AppIcon;
				CODE_SIGN_STYLE = Automatic;
				DEVELOPMENT_TEAM = E7R55236BC;
				INFOPLIST_FILE = scrollProject/Info.plist;
				IPHONEOS_DEPLOYMENT_TARGET = 11.1;
				LD_RUNPATH_SEARCH_PATHS = (
					"$(inherited)",
					"@executable_path/Frameworks",
				);
				PRODUCT_BUNDLE_IDENTIFIER = com.yusufozgul.scrollProject;
				PRODUCT_NAME = "$(TARGET_NAME)";
				SWIFT_VERSION = 4.2;
				TARGETED_DEVICE_FAMILY = "1,2";
			};
			name = Debug;
		};
		97F699202194D06600D9D4F5 /* Release */ = {
			isa = XCBuildConfiguration;
			buildSettings = {
				ASSETCATALOG_COMPILER_APPICON_NAME = AppIcon;
				CODE_SIGN_STYLE = Automatic;
				DEVELOPMENT_TEAM = E7R55236BC;
				INFOPLIST_FILE = scrollProject/Info.plist;
				IPHONEOS_DEPLOYMENT_TARGET = 11.1;
				LD_RUNPATH_SEARCH_PATHS = (
					"$(inherited)",
					"@executable_path/Frameworks",
				);
				PRODUCT_BUNDLE_IDENTIFIER = com.yusufozgul.scrollProject;
				PRODUCT_NAME = "$(TARGET_NAME)";
				SWIFT_VERSION = 4.2;
				TARGETED_DEVICE_FAMILY = "1,2";
			};
			name = Release;
		};
/* End XCBuildConfiguration section */

/* Begin XCConfigurationList section */
		97F699042194D06500D9D4F5 /* Build configuration list for PBXProject "scrollProject" */ = {
			isa = XCConfigurationList;
			buildConfigurations = (
				97F6991C2194D06600D9D4F5 /* Debug */,
				97F6991D2194D06600D9D4F5 /* Release */,
			);
			defaultConfigurationIsVisible = 0;
			defaultConfigurationName = Release;
		};
		97F6991E2194D06600D9D4F5 /* Build configuration list for PBXNativeTarget "scrollProject" */ = {
			isa = XCConfigurationList;
			buildConfigurations = (
				97F6991F2194D06600D9D4F5 /* Debug */,
				97F699202194D06600D9D4F5 /* Release */,
			);
			defaultConfigurationIsVisible = 0;
			defaultConfigurationName = Release;
		};
/* End XCConfigurationList section */

/* Begin XCVersionGroup section */
		97F699132194D06500D9D4F5 /* scrollProject.xcdatamodeld */ = {
			isa = XCVersionGroup;
			children = (
				97F699142194D06500D9D4F5 /* scrollProject.xcdatamodel */,
			);
			currentVersion = 97F699142194D06500D9D4F5 /* scrollProject.xcdatamodel */;
			path = scrollProject.xcdatamodeld;
			sourceTree = "<group>";
			versionGroupType = wrapper.xcdatamodel;
		};
/* End XCVersionGroup section */
	};
	rootObject = 97F699012194D06500D9D4F5 /* Project object */;
}
